
Microsoft Visual Studio Solution File, Format Version 12.00
# Visual Studio Version 17
VisualStudioVersion = 17.9.34728.123
MinimumVisualStudioVersion = 10.0.40219.1
Project("{FAE04EC0-301F-11D3-BF4B-00C04F79EFBC}") = "Lesson09 - Entity Framework - Database First", "Lesson09 - Entity Framework - Database First\Lesson09 - Entity Framework - Database First.csproj", "{715D95A3-8CD0-4293-9959-A272B35539D7}"
EndProject
Global
	GlobalSection(SolutionConfigurationPlatforms) = preSolution
		Debug|Any CPU = Debug|Any CPU
		Release|Any CPU = Release|Any CPU
	EndGlobalSection
	GlobalSection(ProjectConfigurationPlatforms) = postSolution
		{715D95A3-8CD0-4293-9959-A272B35539D7}.Debug|Any CPU.ActiveCfg = Debug|Any CPU
		{715D95A3-8CD0-4293-9959-A272B35539D7}.Debug|Any CPU.Build.0 = Debug|Any CPU
		{715D95A3-8CD0-4293-9959-A272B35539D7}.Release|Any CPU.ActiveCfg = Release|Any CPU
		{715D95A3-8CD0-4293-9959-A272B35539D7}.Release|Any CPU.Build.0 = Release|Any CPU
	EndGlobalSection
	GlobalSection(SolutionProperties) = preSolution
		HideSolutionNode = FALSE
	EndGlobalSection
	GlobalSection(ExtensibilityGlobals) = postSolution
		SolutionGuid = {5F24F3F2-77F4-4972-80AE-3156BC18B191}
	EndGlobalSection
EndGlobal
